// !$*UTF8*$!
{
	archiveVersion = 1;
	classes = {
	};
	objectVersion = 77;
	objects = {

/* Begin PBXContainerItemProxy section */
		B84413332FB75A3B00B8FBF5 /* PBXContainerItemProxy */ = {
			isa = PBXContainerItemProxy;
			containerPortal = B844131D2FB75A3A00B8FBF5 /* Project object */;
			proxyType = 1;
			remoteGlobalIDString = B84413242FB75A3A00B8FBF5;
			remoteInfo = GrafanaViewer;
		};
		B844133D2FB75A3B00B8FBF5 /* PBXContainerItemProxy */ = {
			isa = PBXContainerItemProxy;
			containerPortal = B844131D2FB75A3A00B8FBF5 /* Project object */;
			proxyType = 1;
			remoteGlobalIDString = B84413242FB75A3A00B8FBF5;
			remoteInfo = GrafanaViewer;
		};
/* End PBXContainerItemProxy section */

/* Begin PBXFileReference section */
		B84413252FB75A3A00B8FBF5 /* GrafanaViewer.app */ = {isa = PBXFileReference; explicitFileType = wrapper.application; includeInIndex = 0; path = GrafanaViewer.app; sourceTree = BUILT_PRODUCTS_DIR; };
		B84413322FB75A3B00B8FBF5 /* GrafanaViewerTests.xctest */ = {isa = PBXFileReference; explicitFileType = wrapper.cfbundle; includeInIndex = 0; path = GrafanaViewerTests.xctest; sourceTree = BUILT_PRODUCTS_DIR; };
		B844133C2FB75A3B00B8FBF5 /* GrafanaViewerUITests.xctest */ = {isa = PBXFileReference; explicitFileType = wrapper.cfbundle; includeInIndex = 0; path = GrafanaViewerUITests.xctest; sourceTree = BUILT_PRODUCTS_DIR; };
/* End PBXFileReference section */

/* Begin PBXFileSystemSynchronizedRootGroup section */
		B84413272FB75A3A00B8FBF5 /* GrafanaViewer */ = {
			isa = PBXFileSystemSynchronizedRootGroup;
			path = GrafanaViewer;
			sourceTree = "<group>";
		};
		B84413352FB75A3B00B8FBF5 /* GrafanaViewerTests */ = {
			isa = PBXFileSystemSynchronizedRootGroup;
			path = GrafanaViewerTests;
			sourceTree = "<group>";
		};
		B844133F2FB75A3B00B8FBF5 /* GrafanaViewerUITests */ = {
			isa = PBXFileSystemSynchronizedRootGroup;
			path = GrafanaViewerUITests;
			sourceTree = "<group>";
		};
/* End PBXFileSystemSynchronizedRootGroup section */

/* Begin PBXFrameworksBuildPhase section */
		B84413222FB75A3A00B8FBF5 /* Frameworks */ = {
			isa = PBXFrameworksBuildPhase;
			buildActionMask = 2147483647;
			files = (
			);
			runOnlyForDeploymentPostprocessing = 0;
		};
		B844132F2FB75A3B00B8FBF5 /* Frameworks */ = {
			isa = PBXFrameworksBuildPhase;
			buildActionMask = 2147483647;
			files = (
			);
			runOnlyForDeploymentPostprocessing = 0;
		};
		B84413392FB75A3B00B8FBF5 /* Frameworks */ = {
			isa = PBXFrameworksBuildPhase;
			buildActionMask = 2147483647;
			files = (
			);
			runOnlyForDeploymentPostprocessing = 0;
		};
/* End PBXFrameworksBuildPhase section */

/* Begin PBXGroup section */
		B844131C2FB75A3A00B8FBF5 = {
			isa = PBXGroup;
			children = (
				B84413272FB75A3A00B8FBF5 /* GrafanaViewer */,
				B84413352FB75A3B00B8FBF5 /* GrafanaViewerTests */,
				B844133F2FB75A3B00B8FBF5 /* GrafanaViewerUITests */,
				B84413262FB75A3A00B8FBF5 /* Products */,
			);
			sourceTree = "<group>";
		};
		B84413262FB75A3A00B8FBF5 /* Products */ = {
			isa = PBXGroup;
			children = (
				B84413252FB75A3A00B8FBF5 /* GrafanaViewer.app */,
				B84413322FB75A3B00B8FBF5 /* GrafanaViewerTests.xctest */,
				B844133C2FB75A3B00B8FBF5 /* GrafanaViewerUITests.xctest */,
			);
			name = Products;
			sourceTree = "<group>";
		};
/* End PBXGroup section */

/* Begin PBXNativeTarget section */
		B84413242FB75A3A00B8FBF5 /* GrafanaViewer */ = {
			isa = PBXNativeTarget;
			buildConfigurationList = B84413462FB75A3B00B8FBF5 /* Build configuration list for PBXNativeTarget "GrafanaViewer" */;
			buildPhases = (
				B84413212FB75A3A00B8FBF5 /* Sources */,
				B84413222FB75A3A00B8FBF5 /* Frameworks */,
				B84413232FB75A3A00B8FBF5 /* Resources */,
			);
			buildRules = (
			);
			dependencies = (
			);
			fileSystemSynchronizedGroups = (
				B84413272FB75A3A00B8FBF5 /* GrafanaViewer */,
			);
			name = GrafanaViewer;
			packageProductDependencies = (
			);
			productName = GrafanaViewer;
			productReference = B84413252FB75A3A00B8FBF5 /* GrafanaViewer.app */;
			productType = "com.apple.product-type.application";
		};
		B84413312FB75A3B00B8FBF5 /* GrafanaViewerTests */ = {
			isa = PBXNativeTarget;
			buildConfigurationList = B84413492FB75A3B00B8FBF5 /* Build configuration list for PBXNativeTarget "GrafanaViewerTests" */;
			buildPhases = (
				B844132E2FB75A3B00B8FBF5 /* Sources */,
				B844132F2FB75A3B00B8FBF5 /* Frameworks */,
				B84413302FB75A3B00B8FBF5 /* Resources */,
			);
			buildRules = (
			);
			dependencies = (
				B84413342FB75A3B00B8FBF5 /* PBXTargetDependency */,
			);
			fileSystemSynchronizedGroups = (
				B84413352FB75A3B00B8FBF5 /* GrafanaViewerTests */,
			);
			name = GrafanaViewerTests;
			packageProductDependencies = (
			);
			productName = GrafanaViewerTests;
			productReference = B84413322FB75A3B00B8FBF5 /* GrafanaViewerTests.xctest */;
			productType = "com.apple.product-type.bundle.unit-test";
		};
		B844133B2FB75A3B00B8FBF5 /* GrafanaViewerUITests */ = {
			isa = PBXNativeTarget;
			buildConfigurationList = B844134C2FB75A3B00B8FBF5 /* Build configuration list for PBXNativeTarget "GrafanaViewerUITests" */;
			buildPhases = (
				B84413382FB75A3B00B8FBF5 /* Sources */,
				B84413392FB75A3B00B8FBF5 /* Frameworks */,
				B844133A2FB75A3B00B8FBF5 /* Resources */,
			);
			buildRules = (
			);
			dependencies = (
				B844133E2FB75A3B00B8FBF5 /* PBXTargetDependency */,
			);
			fileSystemSynchronizedGroups = (
				B844133F2FB75A3B00B8FBF5 /* GrafanaViewerUITests */,
			);
			name = GrafanaViewerUITests;
			packageProductDependencies = (
			);
			productName = GrafanaViewerUITests;
			productReference = B844133C2FB75A3B00B8FBF5 /* GrafanaViewerUITests.xctest */;
			productType = "com.apple.product-type.bundle.ui-testing";
		};
/* End PBXNativeTarget section */

/* Begin PBXProject section */
		B844131D2FB75A3A00B8FBF5 /* Project object */ = {
			isa = PBXProject;
			attributes = {
				BuildIndependentTargetsInParallel = 1;
				LastSwiftUpdateCheck = 2640;
				LastUpgradeCheck = 2640;
				TargetAttributes = {
					B84413242FB75A3A00B8FBF5 = {
						CreatedOnToolsVersion = 26.4.1;
					};
					B84413312FB75A3B00B8FBF5 = {
						CreatedOnToolsVersion = 26.4.1;
						TestTargetID = B84413242FB75A3A00B8FBF5;
					};
					B844133B2FB75A3B00B8FBF5 = {
						CreatedOnToolsVersion = 26.4.1;
						TestTargetID = B84413242FB75A3A00B8FBF5;
					};
				};
			};
			buildConfigurationList = B84413202FB75A3A00B8FBF5 /* Build configuration list for PBXProject "GrafanaViewer" */;
			developmentRegion = en;
			hasScannedForEncodings = 0;
			knownRegions = (
				en,
				Base,
			);
			mainGroup = B844131C2FB75A3A00B8FBF5;
			minimizedProjectReferenceProxies = 1;
			preferredProjectObjectVersion = 77;
			productRefGroup = B84413262FB75A3A00B8FBF5 /* Products */;
			projectDirPath = "";
			projectRoot = "";
			targets = (
				B84413242FB75A3A00B8FBF5 /* GrafanaViewer */,
				B84413312FB75A3B00B8FBF5 /* GrafanaViewerTests */,
				B844133B2FB75A3B00B8FBF5 /* GrafanaViewerUITests */,
			);
		};
/* End PBXProject section */

/* Begin PBXResourcesBuildPhase section */
		B84413232FB75A3A00B8FBF5 /* Resources */ = {
			isa = PBXResourcesBuildPhase;
			buildActionMask = 2147483647;
			files = (
			);
			runOnlyForDeploymentPostprocessing = 0;
		};
		B84413302FB75A3B00B8FBF5 /* Resources */ = {
			isa = PBXResourcesBuildPhase;
			buildActionMask = 2147483647;
			files = (
			);
			runOnlyForDeploymentPostprocessing = 0;
		};
		B844133A2FB75A3B00B8FBF5 /* Resources */ = {
			isa = PBXResourcesBuildPhase;
			buildActionMask = 2147483647;
			files = (
			);
			runOnlyForDeploymentPostprocessing = 0;
		};
/* End PBXResourcesBuildPhase section */

/* Begin PBXSourcesBuildPhase section */
		B84413212FB75A3A00B8FBF5 /* Sources */ = {
			isa = PBXSourcesBuildPhase;
			buildActionMask = 2147483647;
			files = (
			);
			runOnlyForDeploymentPostprocessing = 0;
		};
		B844132E2FB75A3B00B8FBF5 /* Sources */ = {
			isa = PBXSourcesBuildPhase;
			buildActionMask = 2147483647;
			files = (
			);
			runOnlyForDeploymentPostprocessing = 0;
		};
		B84413382FB75A3B00B8FBF5 /* Sources */ = {
			isa = PBXSourcesBuildPhase;
			buildActionMask = 2147483647;
			files = (
			);
			runOnlyForDeploymentPostprocessing = 0;
		};
/* End PBXSourcesBuildPhase section */

/* Begin PBXTargetDependency section */
		B84413342FB75A3B00B8FBF5 /* PBXTargetDependency */ = {
			isa = PBXTargetDependency;
			target = B84413242FB75A3A00B8FBF5 /* GrafanaViewer */;
			targetProxy = B84413332FB75A3B00B8FBF5 /* PBXContainerItemProxy */;
		};
		B844133E2FB75A3B00B8FBF5 /* PBXTargetDependency */ = {
			isa = PBXTargetDependency;
			target = B84413242FB75A3A00B8FBF5 /* GrafanaViewer */;
			targetProxy = B844133D2FB75A3B00B8FBF5 /* PBXContainerItemProxy */;
		};
/* End PBXTargetDependency section */

/* Begin XCBuildConfiguration section */
		B84413442FB75A3B00B8FBF5 /* Debug */ = {
			isa = XCBuildConfiguration;
			buildSettings = {
				ALWAYS_SEARCH_USER_PATHS = NO;
				ASSETCATALOG_COMPILER_GENERATE_SWIFT_ASSET_SYMBOL_EXTENSIONS = YES;
				CLANG_ANALYZER_NONNULL = YES;
				CLANG_ANALYZER_NUMBER_OBJECT_CONVERSION = YES_AGGRESSIVE;
				CLANG_CXX_LANGUAGE_STANDARD = "gnu++20";
				CLANG_ENABLE_MODULES = YES;
				CLANG_ENABLE_OBJC_ARC = YES;
				CLANG_ENABLE_OBJC_WEAK = YES;
				CLANG_WARN_BLOCK_CAPTURE_AUTORELEASING = YES;
				CLANG_WARN_BOOL_CONVERSION = YES;
				CLANG_WARN_COMMA = YES;
				CLANG_WARN_CONSTANT_CONVERSION = YES;
				CLANG_WARN_DEPRECATED_OBJC_IMPLEMENTATIONS = YES;
				CLANG_WARN_DIRECT_OBJC_ISA_USAGE = YES_ERROR;
				CLANG_WARN_DOCUMENTATION_COMMENTS = YES;
				CLANG_WARN_EMPTY_BODY = YES;
				CLANG_WARN_ENUM_CONVERSION = YES;
				CLANG_WARN_INFINITE_RECURSION = YES;
				CLANG_WARN_INT_CONVERSION = YES;
				CLANG_WARN_NON_LITERAL_NULL_CONVERSION = YES;
				CLANG_WARN_OBJC_IMPLICIT_RETAIN_SELF = YES;
				CLANG_WARN_OBJC_LITERAL_CONVERSION = YES;
				CLANG_WARN_OBJC_ROOT_CLASS = YES_ERROR;
				CLANG_WARN_QUOTED_INCLUDE_IN_FRAMEWORK_HEADER = YES;
				CLANG_WARN_RANGE_LOOP_ANALYSIS = YES;
				CLANG_WARN_STRICT_PROTOTYPES = YES;
				CLANG_WARN_SUSPICIOUS_MOVE = YES;
				CLANG_WARN_UNGUARDED_AVAILABILITY = YES_AGGRESSIVE;
				CLANG_WARN_UNREACHABLE_CODE = YES;
				CLANG_WARN__DUPLICATE_METHOD_MATCH = YES;
				COPY_PHASE_STRIP = NO;
				DEBUG_INFORMATION_FORMAT = dwarf;
				ENABLE_STRICT_OBJC_MSGSEND = YES;
				ENABLE_TESTABILITY = YES;
				ENABLE_USER_SCRIPT_SANDBOXING = YES;
				GCC_C_LANGUAGE_STANDARD = gnu17;
				GCC_DYNAMIC_NO_PIC = NO;
				GCC_NO_COMMON_BLOCKS = YES;
				GCC_OPTIMIZATION_LEVEL = 0;
				GCC_PREPROCESSOR_DEFINITIONS = (
					"DEBUG=1",
					"$(inherited)",
				);
				GCC_WARN_64_TO_32_BIT_CONVERSION = YES;
				GCC_WARN_ABOUT_RETURN_TYPE = YES_ERROR;
				GCC_WARN_UNDECLARED_SELECTOR = YES;
				GCC_WARN_UNINITIALIZED_AUTOS = YES_AGGRESSIVE;
				GCC_WARN_UNUSED_FUNCTION = YES;
				GCC_WARN_UNUSED_VARIABLE = YES;
				IPHONEOS_DEPLOYMENT_TARGET = 26.4;
				LOCALIZATION_PREFERS_STRING_CATALOGS = YES;
				MTL_ENABLE_DEBUG_INFO = INCLUDE_SOURCE;
				MTL_FAST_MATH = YES;
				ONLY_ACTIVE_ARCH = YES;
				SDKROOT = iphoneos;
				SWIFT_ACTIVE_COMPILATION_CONDITIONS = "DEBUG $(inherited)";
				SWIFT_OPTIMIZATION_LEVEL = "-Onone";
			};
			name = Debug;
		};
		B84413452FB75A3B00B8FBF5 /* Release */ = {
			isa = XCBuildConfiguration;
			buildSettings = {
				ALWAYS_SEARCH_USER_PATHS = NO;
				ASSETCATALOG_COMPILER_GENERATE_SWIFT_ASSET_SYMBOL_EXTENSIONS = YES;
				CLANG_ANALYZER_NONNULL = YES;
				CLANG_ANALYZER_NUMBER_OBJECT_CONVERSION = YES_AGGRESSIVE;
				CLANG_CXX_LANGUAGE_STANDARD = "gnu++20";
				CLANG_ENABLE_MODULES = YES;
				CLANG_ENABLE_OBJC_ARC = YES;
				CLANG_ENABLE_OBJC_WEAK = YES;
				CLANG_WARN_BLOCK_CAPTURE_AUTORELEASING = YES;
				CLANG_WARN_BOOL_CONVERSION = YES;
				CLANG_WARN_COMMA = YES;
				CLANG_WARN_CONSTANT_CONVERSION = YES;
				CLANG_WARN_DEPRECATED_OBJC_IMPLEMENTATIONS = YES;
				CLANG_WARN_DIRECT_OBJC_ISA_USAGE = YES_ERROR;
				CLANG_WARN_DOCUMENTATION_COMMENTS = YES;
				CLANG_WARN_EMPTY_BODY = YES;
				CLANG_WARN_ENUM_CONVERSION = YES;
				CLANG_WARN_INFINITE_RECURSION = YES;
				CLANG_WARN_INT_CONVERSION = YES;
				CLANG_WARN_NON_LITERAL_NULL_CONVERSION = YES;
				CLANG_WARN_OBJC_IMPLICIT_RETAIN_SELF = YES;
				CLANG_WARN_OBJC_LITERAL_CONVERSION = YES;
				CLANG_WARN_OBJC_ROOT_CLASS = YES_ERROR;
				CLANG_WARN_QUOTED_INCLUDE_IN_FRAMEWORK_HEADER = YES;
				CLANG_WARN_RANGE_LOOP_ANALYSIS = YES;
				CLANG_WARN_STRICT_PROTOTYPES = YES;
				CLANG_WARN_SUSPICIOUS_MOVE = YES;
				CLANG_WARN_UNGUARDED_AVAILABILITY = YES_AGGRESSIVE;
				CLANG_WARN_UNREACHABLE_CODE = YES;
				CLANG_WARN__DUPLICATE_METHOD_MATCH = YES;
				COPY_PHASE_STRIP = NO;
				DEBUG_INFORMATION_FORMAT = "dwarf-with-dsym";
				ENABLE_NS_ASSERTIONS = NO;
				ENABLE_STRICT_OBJC_MSGSEND = YES;
				ENABLE_USER_SCRIPT_SANDBOXING = YES;
				GCC_C_LANGUAGE_STANDARD = gnu17;
				GCC_NO_COMMON_BLOCKS = YES;
				GCC_WARN_64_TO_32_BIT_CONVERSION = YES;
				GCC_WARN_ABOUT_RETURN_TYPE = YES_ERROR;
				GCC_WARN_UNDECLARED_SELECTOR = YES;
				GCC_WARN_UNINITIALIZED_AUTOS = YES_AGGRESSIVE;
				GCC_WARN_UNUSED_FUNCTION = YES;
				GCC_WARN_UNUSED_VARIABLE = YES;
				IPHONEOS_DEPLOYMENT_TARGET = 26.4;
				LOCALIZATION_PREFERS_STRING_CATALOGS = YES;
				MTL_ENABLE_DEBUG_INFO = NO;
				MTL_FAST_MATH = YES;
				SDKROOT = iphoneos;
				SWIFT_COMPILATION_MODE = wholemodule;
				VALIDATE_PRODUCT = YES;
			};
			name = Release;
		};
		B84413472FB75A3B00B8FBF5 /* Debug */ = {
			isa = XCBuildConfiguration;
			buildSettings = {
				ASSETCATALOG_COMPILER_APPICON_NAME = AppIcon;
				ASSETCATALOG_COMPILER_GLOBAL_ACCENT_COLOR_NAME = AccentColor;
				CODE_SIGN_STYLE = Automatic;
				CURRENT_PROJECT_VERSION = 1;
				ENABLE_PREVIEWS = YES;
				GENERATE_INFOPLIST_FILE = YES;
				INFOPLIST_KEY_UIApplicationSceneManifest_Generation = YES;
				INFOPLIST_KEY_UIApplicationSupportsIndirectInputEvents = YES;
				INFOPLIST_KEY_UILaunchScreen_Generation = YES;
				INFOPLIST_KEY_UISupportedInterfaceOrientations_iPad = "UIInterfaceOrientationPortrait UIInterfaceOrientationPortraitUpsideDown UIInterfaceOrientationLandscapeLeft UIInterfaceOrientationLandscapeRight";
				INFOPLIST_KEY_UISupportedInterfaceOrientations_iPhone = "UIInterfaceOrientationPortrait UIInterfaceOrientationLandscapeLeft UIInterfaceOrientationLandscapeRight";
				LD_RUNPATH_SEARCH_PATHS = (
					"$(inherited)",
					"@executable_path/Frameworks",
				);
				MARKETING_VERSION = 1.0;
				PRODUCT_BUNDLE_IDENTIFIER = com.grafanaviewer.GrafanaViewer;
				PRODUCT_NAME = "$(TARGET_NAME)";
				STRING_CATALOG_GENERATE_SYMBOLS = YES;
				SWIFT_APPROACHABLE_CONCURRENCY = YES;
				SWIFT_DEFAULT_ACTOR_ISOLATION = MainActor;
				SWIFT_EMIT_LOC_STRINGS = YES;
				SWIFT_UPCOMING_FEATURE_MEMBER_IMPORT_VISIBILITY = YES;
				SWIFT_VERSION = 5.0;
				TARGETED_DEVICE_FAMILY = "1,2";
			};
			name = Debug;
		};
		B84413482FB75A3B00B8FBF5 /* Release */ = {
			isa = XCBuildConfiguration;
			buildSettings = {
				ASSETCATALOG_COMPILER_APPICON_NAME = AppIcon;
				ASSETCATALOG_COMPILER_GLOBAL_ACCENT_COLOR_NAME = AccentColor;
				CODE_SIGN_STYLE = Automatic;
				CURRENT_PROJECT_VERSION = 1;
				ENABLE_PREVIEWS = YES;
				GENERATE_INFOPLIST_FILE = YES;
				INFOPLIST_KEY_UIApplicationSceneManifest_Generation = YES;
				INFOPLIST_KEY_UIApplicationSupportsIndirectInputEvents = YES;
				INFOPLIST_KEY_UILaunchScreen_Generation = YES;
				INFOPLIST_KEY_UISupportedInterfaceOrientations_iPad = "UIInterfaceOrientationPortrait UIInterfaceOrientationPortraitUpsideDown UIInterfaceOrientationLandscapeLeft UIInterfaceOrientationLandscapeRight";
				INFOPLIST_KEY_UISupportedInterfaceOrientations_iPhone = "UIInterfaceOrientationPortrait UIInterfaceOrientationLandscapeLeft UIInterfaceOrientationLandscapeRight";
				LD_RUNPATH_SEARCH_PATHS = (
					"$(inherited)",
					"@executable_path/Frameworks",
				);
				MARKETING_VERSION = 1.0;
				PRODUCT_BUNDLE_IDENTIFIER = com.grafanaviewer.GrafanaViewer;
				PRODUCT_NAME = "$(TARGET_NAME)";
				STRING_CATALOG_GENERATE_SYMBOLS = YES;
				SWIFT_APPROACHABLE_CONCURRENCY = YES;
				SWIFT_DEFAULT_ACTOR_ISOLATION = MainActor;
				SWIFT_EMIT_LOC_STRINGS = YES;
				SWIFT_UPCOMING_FEATURE_MEMBER_IMPORT_VISIBILITY = YES;
				SWIFT_VERSION = 5.0;
				TARGETED_DEVICE_FAMILY = "1,2";
			};
			name = Release;
		};
		B844134A2FB75A3B00B8FBF5 /* Debug */ = {
			isa = XCBuildConfiguration;
			buildSettings = {
				BUNDLE_LOADER = "$(TEST_HOST)";
				CODE_SIGN_STYLE = Automatic;
				CURRENT_PROJECT_VERSION = 1;
				GENERATE_INFOPLIST_FILE = YES;
				IPHONEOS_DEPLOYMENT_TARGET = 26.4;
				MARKETING_VERSION = 1.0;
				PRODUCT_BUNDLE_IDENTIFIER = com.grafanaviewer.GrafanaViewerTests;
				PRODUCT_NAME = "$(TARGET_NAME)";
				STRING_CATALOG_GENERATE_SYMBOLS = NO;
				SWIFT_APPROACHABLE_CONCURRENCY = YES;
				SWIFT_EMIT_LOC_STRINGS = NO;
				SWIFT_UPCOMING_FEATURE_MEMBER_IMPORT_VISIBILITY = YES;
				SWIFT_VERSION = 5.0;
				TARGETED_DEVICE_FAMILY = "1,2";
				TEST_HOST = "$(BUILT_PRODUCTS_DIR)/GrafanaViewer.app/$(BUNDLE_EXECUTABLE_FOLDER_PATH)/GrafanaViewer";
			};
			name = Debug;
		};
		B844134B2FB75A3B00B8FBF5 /* Release */ = {
			isa = XCBuildConfiguration;
			buildSettings = {
				BUNDLE_LOADER = "$(TEST_HOST)";
				CODE_SIGN_STYLE = Automatic;
				CURRENT_PROJECT_VERSION = 1;
				GENERATE_INFOPLIST_FILE = YES;
				IPHONEOS_DEPLOYMENT_TARGET = 26.4;
				MARKETING_VERSION = 1.0;
				PRODUCT_BUNDLE_IDENTIFIER = com.grafanaviewer.GrafanaViewerTests;
				PRODUCT_NAME = "$(TARGET_NAME)";
				STRING_CATALOG_GENERATE_SYMBOLS = NO;
				SWIFT_APPROACHABLE_CONCURRENCY = YES;
				SWIFT_EMIT_LOC_STRINGS = NO;
				SWIFT_UPCOMING_FEATURE_MEMBER_IMPORT_VISIBILITY = YES;
				SWIFT_VERSION = 5.0;
				TARGETED_DEVICE_FAMILY = "1,2";
				TEST_HOST = "$(BUILT_PRODUCTS_DIR)/GrafanaViewer.app/$(BUNDLE_EXECUTABLE_FOLDER_PATH)/GrafanaViewer";
			};
			name = Release;
		};
		B844134D2FB75A3B00B8FBF5 /* Debug */ = {
			isa = XCBuildConfiguration;
			buildSettings = {
				CODE_SIGN_STYLE = Automatic;
				CURRENT_PROJECT_VERSION = 1;
				GENERATE_INFOPLIST_FILE = YES;
				MARKETING_VERSION = 1.0;
				PRODUCT_BUNDLE_IDENTIFIER = com.grafanaviewer.GrafanaViewerUITests;
				PRODUCT_NAME = "$(TARGET_NAME)";
				STRING_CATALOG_GENERATE_SYMBOLS = NO;
				SWIFT_APPROACHABLE_CONCURRENCY = YES;
				SWIFT_EMIT_LOC_STRINGS = NO;
				SWIFT_UPCOMING_FEATURE_MEMBER_IMPORT_VISIBILITY = YES;
				SWIFT_VERSION = 5.0;
				TARGETED_DEVICE_FAMILY = "1,2";
				TEST_TARGET_NAME = GrafanaViewer;
			};
			name = Debug;
		};
		B844134E2FB75A3B00B8FBF5 /* Release */ = {
			isa = XCBuildConfiguration;
			buildSettings = {
				CODE_SIGN_STYLE = Automatic;
				CURRENT_PROJECT_VERSION = 1;
				GENERATE_INFOPLIST_FILE = YES;
				MARKETING_VERSION = 1.0;
				PRODUCT_BUNDLE_IDENTIFIER = com.grafanaviewer.GrafanaViewerUITests;
				PRODUCT_NAME = "$(TARGET_NAME)";
				STRING_CATALOG_GENERATE_SYMBOLS = NO;
				SWIFT_APPROACHABLE_CONCURRENCY = YES;
				SWIFT_EMIT_LOC_STRINGS = NO;
				SWIFT_UPCOMING_FEATURE_MEMBER_IMPORT_VISIBILITY = YES;
				SWIFT_VERSION = 5.0;
				TARGETED_DEVICE_FAMILY = "1,2";
				TEST_TARGET_NAME = GrafanaViewer;
			};
			name = Release;
		};
/* End XCBuildConfiguration section */

/* Begin XCConfigurationList section */
		B84413202FB75A3A00B8FBF5 /* Build configuration list for PBXProject "GrafanaViewer" */ = {
			isa = XCConfigurationList;
			buildConfigurations = (
				B84413442FB75A3B00B8FBF5 /* Debug */,
				B84413452FB75A3B00B8FBF5 /* Release */,
			);
			defaultConfigurationIsVisible = 0;
			defaultConfigurationName = Release;
		};
		B84413462FB75A3B00B8FBF5 /* Build configuration list for PBXNativeTarget "GrafanaViewer" */ = {
			isa = XCConfigurationList;
			buildConfigurations = (
				B84413472FB75A3B00B8FBF5 /* Debug */,
				B84413482FB75A3B00B8FBF5 /* Release */,
			);
			defaultConfigurationIsVisible = 0;
			defaultConfigurationName = Release;
		};
		B84413492FB75A3B00B8FBF5 /* Build configuration list for PBXNativeTarget "GrafanaViewerTests" */ = {
			isa = XCConfigurationList;
			buildConfigurations = (
				B844134A2FB75A3B00B8FBF5 /* Debug */,
				B844134B2FB75A3B00B8FBF5 /* Release */,
			);
			defaultConfigurationIsVisible = 0;
			defaultConfigurationName = Release;
		};
		B844134C2FB75A3B00B8FBF5 /* Build configuration list for PBXNativeTarget "GrafanaViewerUITests" */ = {
			isa = XCConfigurationList;
			buildConfigurations = (
				B844134D2FB75A3B00B8FBF5 /* Debug */,
				B844134E2FB75A3B00B8FBF5 /* Release */,
			);
			defaultConfigurationIsVisible = 0;
			defaultConfigurationName = Release;
		};
/* End XCConfigurationList section */
	};
	rootObject = B844131D2FB75A3A00B8FBF5 /* Project object */;
}
